// !$*UTF8*$!
{
	archiveVersion = 1;
	classes = {
	};
	objectVersion = 51;
	objects = {

/* Begin PBXBuildFile section */
		0F2CE98343AF9E2402D0B070 /* Pods_ReviewItYourself.framework in Frameworks */ = {isa = PBXBuildFile; fileRef = 08D0F3F9DDBC15F32760820A /* Pods_ReviewItYourself.framework */; };
		A200EA3822AC4B460053C7BF /* ProgressNavigationViewController.swift in Sources */ = {isa = PBXBuildFile; fileRef = A200EA3722AC4B460053C7BF /* ProgressNavigationViewController.swift */; };
		A200EA4322AC85B90053C7BF /* SettingsViewController.swift in Sources */ = {isa = PBXBuildFile; fileRef = A200EA4222AC85B90053C7BF /* SettingsViewController.swift */; };
		A2112DC522B3F4790073E9A6 /* TagCell.swift in Sources */ = {isa = PBXBuildFile; fileRef = A2112DC422B3F4790073E9A6 /* TagCell.swift */; };
		A2112DC722B3FD650073E9A6 /* ListCollectionViewController.swift in Sources */ = {isa = PBXBuildFile; fileRef = A2112DC622B3FD650073E9A6 /* ListCollectionViewController.swift */; };
		A227C79122A1D19200A4B25D /* HomeTabBarController.swift in Sources */ = {isa = PBXBuildFile; fileRef = A227C79022A1D19200A4B25D /* HomeTabBarController.swift */; };
		A23A993322B6FC1C0029194F /* ListCell.swift in Sources */ = {isa = PBXBuildFile; fileRef = A23A993222B6FC1C0029194F /* ListCell.swift */; };
		A247CB1622ACEBC50099F69C /* DetailCollectionViewController.swift in Sources */ = {isa = PBXBuildFile; fileRef = A247CB1522ACEBC50099F69C /* DetailCollectionViewController.swift */; };
		A247CB1B22ADA9BC0099F69C /* TagViewController.swift in Sources */ = {isa = PBXBuildFile; fileRef = A247CB1A22ADA9BC0099F69C /* TagViewController.swift */; };
		A247CB4422ADDBD60099F69C /* UserController.swift in Sources */ = {isa = PBXBuildFile; fileRef = A247CB4322ADDBD60099F69C /* UserController.swift */; };
		A247CB4A22ADF7580099F69C /* HowtoDetailCollectionViewCell.swift in Sources */ = {isa = PBXBuildFile; fileRef = A247CB4922ADF7580099F69C /* HowtoDetailCollectionViewCell.swift */; };
		A247CB4C22ADF7C60099F69C /* Howto.swift in Sources */ = {isa = PBXBuildFile; fileRef = A247CB4B22ADF7C60099F69C /* Howto.swift */; };
		A268F55922B0D3B6006B32AD /* GoogleService-Info.plist in Resources */ = {isa = PBXBuildFile; fileRef = A268F55822B0D3B6006B32AD /* GoogleService-Info.plist */; };
		A269270322A57401006AAFD2 /* Bearer.swift in Sources */ = {isa = PBXBuildFile; fileRef = A269270222A57401006AAFD2 /* Bearer.swift */; };
		A269270522A5956A006AAFD2 /* PostSteps.swift in Sources */ = {isa = PBXBuildFile; fileRef = A269270422A5956A006AAFD2 /* PostSteps.swift */; };
		A269270722A5B069006AAFD2 /* Tag.swift in Sources */ = {isa = PBXBuildFile; fileRef = A269270622A5B069006AAFD2 /* Tag.swift */; };
		A269270922A5B0C7006AAFD2 /* PostTag.swift in Sources */ = {isa = PBXBuildFile; fileRef = A269270822A5B0C7006AAFD2 /* PostTag.swift */; };
		A269270B22A5B113006AAFD2 /* PostReview.swift in Sources */ = {isa = PBXBuildFile; fileRef = A269270A22A5B113006AAFD2 /* PostReview.swift */; };
		A269270D22A5B1D9006AAFD2 /* Follower.swift in Sources */ = {isa = PBXBuildFile; fileRef = A269270C22A5B1D9006AAFD2 /* Follower.swift */; };
		A269270F22A5B248006AAFD2 /* Favorite.swift in Sources */ = {isa = PBXBuildFile; fileRef = A269270E22A5B248006AAFD2 /* Favorite.swift */; };
		A269271122A5B2B2006AAFD2 /* PostComment.swift in Sources */ = {isa = PBXBuildFile; fileRef = A269271022A5B2B2006AAFD2 /* PostComment.swift */; };
		A269271422A5B97E006AAFD2 /* HowtoController.swift in Sources */ = {isa = PBXBuildFile; fileRef = A269271322A5B97E006AAFD2 /* HowtoController.swift */; };
		A287516322A48BDD00DC3C92 /* HomeSearchCollectionViewController.swift in Sources */ = {isa = PBXBuildFile; fileRef = A287516222A48BDD00DC3C92 /* HomeSearchCollectionViewController.swift */; };
		A287516822A4E5E900DC3C92 /* Post.swift in Sources */ = {isa = PBXBuildFile; fileRef = A287516722A4E5E900DC3C92 /* Post.swift */; };
		A2A1606422B1B71500A7AAF0 /* User.swift in Sources */ = {isa = PBXBuildFile; fileRef = A2A1606322B1B71400A7AAF0 /* User.swift */; };
		A2A1606622B2779F00A7AAF0 /* ProfileCollectionViewController.swift in Sources */ = {isa = PBXBuildFile; fileRef = A2A1606522B2779F00A7AAF0 /* ProfileCollectionViewController.swift */; };
		A2A1B9D622A083E500AAA0E6 /* AppDelegate.swift in Sources */ = {isa = PBXBuildFile; fileRef = A2A1B9D522A083E500AAA0E6 /* AppDelegate.swift */; };
		A2A1B9DD22A083E700AAA0E6 /* Assets.xcassets in Resources */ = {isa = PBXBuildFile; fileRef = A2A1B9DC22A083E700AAA0E6 /* Assets.xcassets */; };
		A2A1B9E022A083E700AAA0E6 /* LaunchScreen.storyboard in Resources */ = {isa = PBXBuildFile; fileRef = A2A1B9DE22A083E700AAA0E6 /* LaunchScreen.storyboard */; };
		A2B01B5F22A63582006052FA /* PostCell.swift in Sources */ = {isa = PBXBuildFile; fileRef = A2B01B5E22A63582006052FA /* PostCell.swift */; };
		A2E3360322A975FA00E7AD7F /* UIView+Layout.swift in Sources */ = {isa = PBXBuildFile; fileRef = A2E3360222A975FA00E7AD7F /* UIView+Layout.swift */; };
		A2E3360522A976E700E7AD7F /* UIImageView.swift in Sources */ = {isa = PBXBuildFile; fileRef = A2E3360422A976E700E7AD7F /* UIImageView.swift */; };
		A2E3360722A9773F00E7AD7F /* Footer.swift in Sources */ = {isa = PBXBuildFile; fileRef = A2E3360622A9773F00E7AD7F /* Footer.swift */; };
		A2E3360922AA024000E7AD7F /* LoginViewController.swift in Sources */ = {isa = PBXBuildFile; fileRef = A2E3360822AA024000E7AD7F /* LoginViewController.swift */; };
/* End PBXBuildFile section */

/* Begin PBXFileReference section */
		08D0F3F9DDBC15F32760820A /* Pods_ReviewItYourself.framework */ = {isa = PBXFileReference; explicitFileType = wrapper.framework; includeInIndex = 0; path = Pods_ReviewItYourself.framework; sourceTree = BUILT_PRODUCTS_DIR; };
		2F973AF1784CB186500E8FE7 /* Pods-ReviewItYourself.debug.xcconfig */ = {isa = PBXFileReference; includeInIndex = 1; lastKnownFileType = text.xcconfig; name = "Pods-ReviewItYourself.debug.xcconfig"; path = "Target Support Files/Pods-ReviewItYourself/Pods-ReviewItYourself.debug.xcconfig"; sourceTree = "<group>"; };
		6D575BD51C854255FAA88C5D /* Pods-How-To.debug.xcconfig */ = {isa = PBXFileReference; includeInIndex = 1; lastKnownFileType = text.xcconfig; name = "Pods-How-To.debug.xcconfig"; path = "Target Support Files/Pods-How-To/Pods-How-To.debug.xcconfig"; sourceTree = "<group>"; };
		8E465D4BCE7331CBFE05C1E5 /* Pods-ReviewItYourself.release.xcconfig */ = {isa = PBXFileReference; includeInIndex = 1; lastKnownFileType = text.xcconfig; name = "Pods-ReviewItYourself.release.xcconfig"; path = "Target Support Files/Pods-ReviewItYourself/Pods-ReviewItYourself.release.xcconfig"; sourceTree = "<group>"; };
		A0FE802FFBA871D66F06E382 /* Pods-How-To.release.xcconfig */ = {isa = PBXFileReference; includeInIndex = 1; lastKnownFileType = text.xcconfig; name = "Pods-How-To.release.xcconfig"; path = "Target Support Files/Pods-How-To/Pods-How-To.release.xcconfig"; sourceTree = "<group>"; };
		A200EA3722AC4B460053C7BF /* ProgressNavigationViewController.swift */ = {isa = PBXFileReference; lastKnownFileType = sourcecode.swift; path = ProgressNavigationViewController.swift; sourceTree = "<group>"; };
		A200EA4222AC85B90053C7BF /* SettingsViewController.swift */ = {isa = PBXFileReference; lastKnownFileType = sourcecode.swift; path = SettingsViewController.swift; sourceTree = "<group>"; };
		A2112DC422B3F4790073E9A6 /* TagCell.swift */ = {isa = PBXFileReference; lastKnownFileType = sourcecode.swift; path = TagCell.swift; sourceTree = "<group>"; };
		A2112DC622B3FD650073E9A6 /* ListCollectionViewController.swift */ = {isa = PBXFileReference; lastKnownFileType = sourcecode.swift; path = ListCollectionViewController.swift; sourceTree = "<group>"; };
		A227C79022A1D19200A4B25D /* HomeTabBarController.swift */ = {isa = PBXFileReference; lastKnownFileType = sourcecode.swift; path = HomeTabBarController.swift; sourceTree = "<group>"; };
		A23A993222B6FC1C0029194F /* ListCell.swift */ = {isa = PBXFileReference; lastKnownFileType = sourcecode.swift; path = ListCell.swift; sourceTree = "<group>"; };
		A247CB1522ACEBC50099F69C /* DetailCollectionViewController.swift */ = {isa = PBXFileReference; lastKnownFileType = sourcecode.swift; path = DetailCollectionViewController.swift; sourceTree = "<group>"; };
		A247CB1A22ADA9BC0099F69C /* TagViewController.swift */ = {isa = PBXFileReference; lastKnownFileType = sourcecode.swift; path = TagViewController.swift; sourceTree = "<group>"; };
		A247CB4322ADDBD60099F69C /* UserController.swift */ = {isa = PBXFileReference; lastKnownFileType = sourcecode.swift; path = UserController.swift; sourceTree = "<group>"; };
		A247CB4922ADF7580099F69C /* HowtoDetailCollectionViewCell.swift */ = {isa = PBXFileReference; lastKnownFileType = sourcecode.swift; path = HowtoDetailCollectionViewCell.swift; sourceTree = "<group>"; };
		A247CB4B22ADF7C60099F69C /* Howto.swift */ = {isa = PBXFileReference; lastKnownFileType = sourcecode.swift; path = Howto.swift; sourceTree = "<group>"; };
		A268F55822B0D3B6006B32AD /* GoogleService-Info.plist */ = {isa = PBXFileReference; fileEncoding = 4; lastKnownFileType = text.plist.xml; path = "GoogleService-Info.plist"; sourceTree = "<group>"; };
		A269270222A57401006AAFD2 /* Bearer.swift */ = {isa = PBXFileReference; lastKnownFileType = sourcecode.swift; path = Bearer.swift; sourceTree = "<group>"; };
		A269270422A5956A006AAFD2 /* PostSteps.swift */ = {isa = PBXFileReference; lastKnownFileType = sourcecode.swift; path = PostSteps.swift; sourceTree = "<group>"; };
		A269270622A5B069006AAFD2 /* Tag.swift */ = {isa = PBXFileReference; lastKnownFileType = sourcecode.swift; path = Tag.swift; sourceTree = "<group>"; };
		A269270822A5B0C7006AAFD2 /* PostTag.swift */ = {isa = PBXFileReference; lastKnownFileType = sourcecode.swift; path = PostTag.swift; sourceTree = "<group>"; };
		A269270A22A5B113006AAFD2 /* PostReview.swift */ = {isa = PBXFileReference; lastKnownFileType = sourcecode.swift; path = PostReview.swift; sourceTree = "<group>"; };
		A269270C22A5B1D9006AAFD2 /* Follower.swift */ = {isa = PBXFileReference; lastKnownFileType = sourcecode.swift; path = Follower.swift; sourceTree = "<group>"; };
		A269270E22A5B248006AAFD2 /* Favorite.swift */ = {isa = PBXFileReference; lastKnownFileType = sourcecode.swift; path = Favorite.swift; sourceTree = "<group>"; };
		A269271022A5B2B2006AAFD2 /* PostComment.swift */ = {isa = PBXFileReference; lastKnownFileType = sourcecode.swift; path = PostComment.swift; sourceTree = "<group>"; };
		A269271322A5B97E006AAFD2 /* HowtoController.swift */ = {isa = PBXFileReference; lastKnownFileType = sourcecode.swift; path = HowtoController.swift; sourceTree = "<group>"; };
		A287516222A48BDD00DC3C92 /* HomeSearchCollectionViewController.swift */ = {isa = PBXFileReference; lastKnownFileType = sourcecode.swift; path = HomeSearchCollectionViewController.swift; sourceTree = "<group>"; };
		A287516722A4E5E900DC3C92 /* Post.swift */ = {isa = PBXFileReference; lastKnownFileType = sourcecode.swift; path = Post.swift; sourceTree = "<group>"; };
		A2A1606322B1B71400A7AAF0 /* User.swift */ = {isa = PBXFileReference; fileEncoding = 4; lastKnownFileType = sourcecode.swift; path = User.swift; sourceTree = "<group>"; };
		A2A1606522B2779F00A7AAF0 /* ProfileCollectionViewController.swift */ = {isa = PBXFileReference; lastKnownFileType = sourcecode.swift; path = ProfileCollectionViewController.swift; sourceTree = "<group>"; };
		A2A1B9D222A083E500AAA0E6 /* ReviewItYourself.app */ = {isa = PBXFileReference; explicitFileType = wrapper.application; includeInIndex = 0; path = ReviewItYourself.app; sourceTree = BUILT_PRODUCTS_DIR; };
		A2A1B9D522A083E500AAA0E6 /* AppDelegate.swift */ = {isa = PBXFileReference; lastKnownFileType = sourcecode.swift; path = AppDelegate.swift; sourceTree = "<group>"; };
		A2A1B9DC22A083E700AAA0E6 /* Assets.xcassets */ = {isa = PBXFileReference; lastKnownFileType = folder.assetcatalog; path = Assets.xcassets; sourceTree = "<group>"; };
		A2A1B9DF22A083E700AAA0E6 /* Base */ = {isa = PBXFileReference; lastKnownFileType = file.storyboard; name = Base; path = Base.lproj/LaunchScreen.storyboard; sourceTree = "<group>"; };
		A2A1B9E122A083E700AAA0E6 /* Info.plist */ = {isa = PBXFileReference; lastKnownFileType = text.plist.xml; path = Info.plist; sourceTree = "<group>"; };
		A2B01B5E22A63582006052FA /* PostCell.swift */ = {isa = PBXFileReference; lastKnownFileType = sourcecode.swift; path = PostCell.swift; sourceTree = "<group>"; };
		A2E3360222A975FA00E7AD7F /* UIView+Layout.swift */ = {isa = PBXFileReference; lastKnownFileType = sourcecode.swift; path = "UIView+Layout.swift"; sourceTree = "<group>"; };
		A2E3360422A976E700E7AD7F /* UIImageView.swift */ = {isa = PBXFileReference; lastKnownFileType = sourcecode.swift; path = UIImageView.swift; sourceTree = "<group>"; };
		A2E3360622A9773F00E7AD7F /* Footer.swift */ = {isa = PBXFileReference; lastKnownFileType = sourcecode.swift; path = Footer.swift; sourceTree = "<group>"; };
		A2E3360822AA024000E7AD7F /* LoginViewController.swift */ = {isa = PBXFileReference; lastKnownFileType = sourcecode.swift; path = LoginViewController.swift; sourceTree = "<group>"; };
/* End PBXFileReference section */

/* Begin PBXFrameworksBuildPhase section */
		A2A1B9CF22A083E500AAA0E6 /* Frameworks */ = {
			isa = PBXFrameworksBuildPhase;
			buildActionMask = 2147483647;
			files = (
				0F2CE98343AF9E2402D0B070 /* Pods_ReviewItYourself.framework in Frameworks */,
			);
			runOnlyForDeploymentPostprocessing = 0;
		};
/* End PBXFrameworksBuildPhase section */

/* Begin PBXGroup section */
		5D80B67A27733FBFE9D6F108 /* Pods */ = {
			isa = PBXGroup;
			children = (
				6D575BD51C854255FAA88C5D /* Pods-How-To.debug.xcconfig */,
				A0FE802FFBA871D66F06E382 /* Pods-How-To.release.xcconfig */,
				2F973AF1784CB186500E8FE7 /* Pods-ReviewItYourself.debug.xcconfig */,
				8E465D4BCE7331CBFE05C1E5 /* Pods-ReviewItYourself.release.xcconfig */,
			);
			path = Pods;
			sourceTree = "<group>";
		};
		978613A4F9D886B6A673915E /* Frameworks */ = {
			isa = PBXGroup;
			children = (
				08D0F3F9DDBC15F32760820A /* Pods_ReviewItYourself.framework */,
			);
			name = Frameworks;
			sourceTree = "<group>";
		};
		A269271222A5B915006AAFD2 /* Controllers */ = {
			isa = PBXGroup;
			children = (
				A269271322A5B97E006AAFD2 /* HowtoController.swift */,
				A247CB4322ADDBD60099F69C /* UserController.swift */,
			);
			path = Controllers;
			sourceTree = "<group>";
		};
		A287516122A48B5F00DC3C92 /* ViewControllers */ = {
			isa = PBXGroup;
			children = (
				A2E3360822AA024000E7AD7F /* LoginViewController.swift */,
				A227C79022A1D19200A4B25D /* HomeTabBarController.swift */,
				A287516222A48BDD00DC3C92 /* HomeSearchCollectionViewController.swift */,
				A247CB1522ACEBC50099F69C /* DetailCollectionViewController.swift */,
				A200EA4222AC85B90053C7BF /* SettingsViewController.swift */,
				A247CB1A22ADA9BC0099F69C /* TagViewController.swift */,
				A2112DC622B3FD650073E9A6 /* ListCollectionViewController.swift */,
				A2A1606522B2779F00A7AAF0 /* ProfileCollectionViewController.swift */,
				A200EA3722AC4B460053C7BF /* ProgressNavigationViewController.swift */,
			);
			path = ViewControllers;
			sourceTree = "<group>";
		};
		A287516622A49F7B00DC3C92 /* Models */ = {
			isa = PBXGroup;
			children = (
				A2A1606322B1B71400A7AAF0 /* User.swift */,
				A247CB4B22ADF7C60099F69C /* Howto.swift */,
				A287516722A4E5E900DC3C92 /* Post.swift */,
				A269270822A5B0C7006AAFD2 /* PostTag.swift */,
				A269270422A5956A006AAFD2 /* PostSteps.swift */,
				A269270622A5B069006AAFD2 /* Tag.swift */,
				A269270A22A5B113006AAFD2 /* PostReview.swift */,
				A269270C22A5B1D9006AAFD2 /* Follower.swift */,
				A269270E22A5B248006AAFD2 /* Favorite.swift */,
				A269271022A5B2B2006AAFD2 /* PostComment.swift */,
				A269270222A57401006AAFD2 /* Bearer.swift */,
			);
			path = Models;
			sourceTree = "<group>";
		};
		A2A1B9C922A083E500AAA0E6 = {
			isa = PBXGroup;
			children = (
				A2A1B9D422A083E500AAA0E6 /* How-To */,
				A2A1B9D322A083E500AAA0E6 /* Products */,
				5D80B67A27733FBFE9D6F108 /* Pods */,
				978613A4F9D886B6A673915E /* Frameworks */,
			);
			sourceTree = "<group>";
		};
		A2A1B9D322A083E500AAA0E6 /* Products */ = {
			isa = PBXGroup;
			children = (
				A2A1B9D222A083E500AAA0E6 /* ReviewItYourself.app */,
			);
			name = Products;
			sourceTree = "<group>";
		};
		A2A1B9D422A083E500AAA0E6 /* How-To */ = {
			isa = PBXGroup;
			children = (
				A2A1B9D522A083E500AAA0E6 /* AppDelegate.swift */,
				A2A1B9DE22A083E700AAA0E6 /* LaunchScreen.storyboard */,
				A268F55822B0D3B6006B32AD /* GoogleService-Info.plist */,
				A2A1B9E122A083E700AAA0E6 /* Info.plist */,
				A287516122A48B5F00DC3C92 /* ViewControllers */,
				A2A1B9DC22A083E700AAA0E6 /* Assets.xcassets */,
				A2E3360122A9758800E7AD7F /* Helpers */,
				A2B01B5B22A63504006052FA /* Views */,
				A287516622A49F7B00DC3C92 /* Models */,
				A269271222A5B915006AAFD2 /* Controllers */,
			);
			path = "How-To";
			sourceTree = "<group>";
		};
		A2B01B5B22A63504006052FA /* Views */ = {
			isa = PBXGroup;
			children = (
				A2B01B5E22A63582006052FA /* PostCell.swift */,
				A2112DC422B3F4790073E9A6 /* TagCell.swift */,
				A23A993222B6FC1C0029194F /* ListCell.swift */,
				A247CB4922ADF7580099F69C /* HowtoDetailCollectionViewCell.swift */,
				A2E3360622A9773F00E7AD7F /* Footer.swift */,
			);
			path = Views;
			sourceTree = "<group>";
		};
		A2E3360122A9758800E7AD7F /* Helpers */ = {
			isa = PBXGroup;
			children = (
				A2E3360422A976E700E7AD7F /* UIImageView.swift */,
				A2E3360222A975FA00E7AD7F /* UIView+Layout.swift */,
			);
			path = Helpers;
			sourceTree = "<group>";
		};
/* End PBXGroup section */

/* Begin PBXNativeTarget section */
		A2A1B9D122A083E500AAA0E6 /* ReviewItYourself */ = {
			isa = PBXNativeTarget;
			buildConfigurationList = A2A1B9E422A083E700AAA0E6 /* Build configuration list for PBXNativeTarget "ReviewItYourself" */;
			buildPhases = (
				9DEB020E7B5C67C8F1A64D99 /* [CP] Check Pods Manifest.lock */,
				A2A1B9CE22A083E500AAA0E6 /* Sources */,
				A2A1B9CF22A083E500AAA0E6 /* Frameworks */,
				A2A1B9D022A083E500AAA0E6 /* Resources */,
				E4F18CD112065B916DB66D7E /* [CP] Embed Pods Frameworks */,
				572C89D8BFE2DD93E3846CDE /* [CP] Copy Pods Resources */,
			);
			buildRules = (
			);
			dependencies = (
			);
			name = ReviewItYourself;
			productName = "How-To";
			productReference = A2A1B9D222A083E500AAA0E6 /* ReviewItYourself.app */;
			productType = "com.apple.product-type.application";
		};
/* End PBXNativeTarget section */

/* Begin PBXProject section */
		A2A1B9CA22A083E500AAA0E6 /* Project object */ = {
			isa = PBXProject;
			attributes = {
				LastSwiftUpdateCheck = 1020;
				LastUpgradeCheck = 1020;
				ORGANIZATIONNAME = "Angel Buenrostro";
				TargetAttributes = {
					A2A1B9D122A083E500AAA0E6 = {
						CreatedOnToolsVersion = 10.2.1;
					};
				};
			};
			buildConfigurationList = A2A1B9CD22A083E500AAA0E6 /* Build configuration list for PBXProject "ReviewItYourself" */;
			compatibilityVersion = "Xcode 10.0";
			developmentRegion = en;
			hasScannedForEncodings = 0;
			knownRegions = (
				en,
				Base,
			);
			mainGroup = A2A1B9C922A083E500AAA0E6;
			productRefGroup = A2A1B9D322A083E500AAA0E6 /* Products */;
			projectDirPath = "";
			projectRoot = "";
			targets = (
				A2A1B9D122A083E500AAA0E6 /* ReviewItYourself */,
			);
		};
/* End PBXProject section */

/* Begin PBXResourcesBuildPhase section */
		A2A1B9D022A083E500AAA0E6 /* Resources */ = {
			isa = PBXResourcesBuildPhase;
			buildActionMask = 2147483647;
			files = (
				A2A1B9E022A083E700AAA0E6 /* LaunchScreen.storyboard in Resources */,
				A2A1B9DD22A083E700AAA0E6 /* Assets.xcassets in Resources */,
				A268F55922B0D3B6006B32AD /* GoogleService-Info.plist in Resources */,
			);
			runOnlyForDeploymentPostprocessing = 0;
		};
/* End PBXResourcesBuildPhase section */

/* Begin PBXShellScriptBuildPhase section */
		572C89D8BFE2DD93E3846CDE /* [CP] Copy Pods Resources */ = {
			isa = PBXShellScriptBuildPhase;
			buildActionMask = 2147483647;
			files = (
			);
			inputFileListPaths = (
				"${PODS_ROOT}/Target Support Files/Pods-ReviewItYourself/Pods-ReviewItYourself-resources-${CONFIGURATION}-input-files.xcfilelist",
			);
			name = "[CP] Copy Pods Resources";
			outputFileListPaths = (
				"${PODS_ROOT}/Target Support Files/Pods-ReviewItYourself/Pods-ReviewItYourself-resources-${CONFIGURATION}-output-files.xcfilelist",
			);
			runOnlyForDeploymentPostprocessing = 0;
			shellPath = /bin/sh;
			shellScript = "\"${PODS_ROOT}/Target Support Files/Pods-ReviewItYourself/Pods-ReviewItYourself-resources.sh\"\n";
			showEnvVarsInLog = 0;
		};
		9DEB020E7B5C67C8F1A64D99 /* [CP] Check Pods Manifest.lock */ = {
			isa = PBXShellScriptBuildPhase;
			buildActionMask = 2147483647;
			files = (
			);
			inputFileListPaths = (
			);
			inputPaths = (
				"${PODS_PODFILE_DIR_PATH}/Podfile.lock",
				"${PODS_ROOT}/Manifest.lock",
			);
			name = "[CP] Check Pods Manifest.lock";
			outputFileListPaths = (
			);
			outputPaths = (
				"$(DERIVED_FILE_DIR)/Pods-ReviewItYourself-checkManifestLockResult.txt",
			);
			runOnlyForDeploymentPostprocessing = 0;
			shellPath = /bin/sh;
			shellScript = "diff \"${PODS_PODFILE_DIR_PATH}/Podfile.lock\" \"${PODS_ROOT}/Manifest.lock\" > /dev/null\nif [ $? != 0 ] ; then\n    # print error to STDERR\n    echo \"error: The sandbox is not in sync with the Podfile.lock. Run 'pod install' or update your CocoaPods installation.\" >&2\n    exit 1\nfi\n# This output is used by Xcode 'outputs' to avoid re-running this script phase.\necho \"SUCCESS\" > \"${SCRIPT_OUTPUT_FILE_0}\"\n";
			showEnvVarsInLog = 0;
		};
		E4F18CD112065B916DB66D7E /* [CP] Embed Pods Frameworks */ = {
			isa = PBXShellScriptBuildPhase;
			buildActionMask = 2147483647;
			files = (
			);
			inputFileListPaths = (
				"${PODS_ROOT}/Target Support Files/Pods-ReviewItYourself/Pods-ReviewItYourself-frameworks-${CONFIGURATION}-input-files.xcfilelist",
			);
			name = "[CP] Embed Pods Frameworks";
			outputFileListPaths = (
				"${PODS_ROOT}/Target Support Files/Pods-ReviewItYourself/Pods-ReviewItYourself-frameworks-${CONFIGURATION}-output-files.xcfilelist",
			);
			runOnlyForDeploymentPostprocessing = 0;
			shellPath = /bin/sh;
			shellScript = "\"${PODS_ROOT}/Target Support Files/Pods-ReviewItYourself/Pods-ReviewItYourself-frameworks.sh\"\n";
			showEnvVarsInLog = 0;
		};
/* End PBXShellScriptBuildPhase section */

/* Begin PBXSourcesBuildPhase section */
		A2A1B9CE22A083E500AAA0E6 /* Sources */ = {
			isa = PBXSourcesBuildPhase;
			buildActionMask = 2147483647;
			files = (
				A2112DC522B3F4790073E9A6 /* TagCell.swift in Sources */,
				A2A1606422B1B71500A7AAF0 /* User.swift in Sources */,
				A2E3360722A9773F00E7AD7F /* Footer.swift in Sources */,
				A23A993322B6FC1C0029194F /* ListCell.swift in Sources */,
				A2E3360322A975FA00E7AD7F /* UIView+Layout.swift in Sources */,
				A269271122A5B2B2006AAFD2 /* PostComment.swift in Sources */,
				A269270722A5B069006AAFD2 /* Tag.swift in Sources */,
				A2112DC722B3FD650073E9A6 /* ListCollectionViewController.swift in Sources */,
				A2E3360922AA024000E7AD7F /* LoginViewController.swift in Sources */,
				A287516322A48BDD00DC3C92 /* HomeSearchCollectionViewController.swift in Sources */,
				A2A1B9D622A083E500AAA0E6 /* AppDelegate.swift in Sources */,
				A269270322A57401006AAFD2 /* Bearer.swift in Sources */,
				A247CB4C22ADF7C60099F69C /* Howto.swift in Sources */,
				A2A1606622B2779F00A7AAF0 /* ProfileCollectionViewController.swift in Sources */,
				A269270B22A5B113006AAFD2 /* PostReview.swift in Sources */,
				A269270922A5B0C7006AAFD2 /* PostTag.swift in Sources */,
				A247CB4422ADDBD60099F69C /* UserController.swift in Sources */,
				A269270522A5956A006AAFD2 /* PostSteps.swift in Sources */,
				A247CB1B22ADA9BC0099F69C /* TagViewController.swift in Sources */,
				A269270D22A5B1D9006AAFD2 /* Follower.swift in Sources */,
				A269270F22A5B248006AAFD2 /* Favorite.swift in Sources */,
				A269271422A5B97E006AAFD2 /* HowtoController.swift in Sources */,
				A247CB4A22ADF7580099F69C /* HowtoDetailCollectionViewCell.swift in Sources */,
				A227C79122A1D19200A4B25D /* HomeTabBarController.swift in Sources */,
				A287516822A4E5E900DC3C92 /* Post.swift in Sources */,
				A200EA3822AC4B460053C7BF /* ProgressNavigationViewController.swift in Sources */,
				A247CB1622ACEBC50099F69C /* DetailCollectionViewController.swift in Sources */,
				A2E3360522A976E700E7AD7F /* UIImageView.swift in Sources */,
				A2B01B5F22A63582006052FA /* PostCell.swift in Sources */,
				A200EA4322AC85B90053C7BF /* SettingsViewController.swift in Sources */,
			);
			runOnlyForDeploymentPostprocessing = 0;
		};
/* End PBXSourcesBuildPhase section */

/* Begin PBXVariantGroup section */
		A2A1B9DE22A083E700AAA0E6 /* LaunchScreen.storyboard */ = {
			isa = PBXVariantGroup;
			children = (
				A2A1B9DF22A083E700AAA0E6 /* Base */,
			);
			name = LaunchScreen.storyboard;
			sourceTree = "<group>";
		};
/* End PBXVariantGroup section */

/* Begin XCBuildConfiguration section */
		A2A1B9E222A083E700AAA0E6 /* Debug */ = {
			isa = XCBuildConfiguration;
			buildSettings = {
				ALWAYS_SEARCH_USER_PATHS = NO;
				CLANG_ANALYZER_NONNULL = YES;
				CLANG_ANALYZER_NUMBER_OBJECT_CONVERSION = YES_AGGRESSIVE;
				CLANG_CXX_LANGUAGE_STANDARD = "gnu++14";
				CLANG_CXX_LIBRARY = "libc++";
				CLANG_ENABLE_MODULES = YES;
				CLANG_ENABLE_OBJC_ARC = YES;
				CLANG_ENABLE_OBJC_WEAK = YES;
				CLANG_WARN_BLOCK_CAPTURE_AUTORELEASING = YES;
				CLANG_WARN_BOOL_CONVERSION = YES;
				CLANG_WARN_COMMA = YES;
				CLANG_WARN_CONSTANT_CONVERSION = YES;
				CLANG_WARN_DEPRECATED_OBJC_IMPLEMENTATIONS = YES;
				CLANG_WARN_DIRECT_OBJC_ISA_USAGE = YES_ERROR;
				CLANG_WARN_DOCUMENTATION_COMMENTS = YES;
				CLANG_WARN_EMPTY_BODY = YES;
				CLANG_WARN_ENUM_CONVERSION = YES;
				CLANG_WARN_INFINITE_RECURSION = YES;
				CLANG_WARN_INT_CONVERSION = YES;
				CLANG_WARN_NON_LITERAL_NULL_CONVERSION = YES;
				CLANG_WARN_OBJC_IMPLICIT_RETAIN_SELF = YES;
				CLANG_WARN_OBJC_LITERAL_CONVERSION = YES;
				CLANG_WARN_OBJC_ROOT_CLASS = YES_ERROR;
				CLANG_WARN_RANGE_LOOP_ANALYSIS = YES;
				CLANG_WARN_STRICT_PROTOTYPES = YES;
				CLANG_WARN_SUSPICIOUS_MOVE = YES;
				CLANG_WARN_UNGUARDED_AVAILABILITY = YES_AGGRESSIVE;
				CLANG_WARN_UNREACHABLE_CODE = YES;
				CLANG_WARN__DUPLICATE_METHOD_MATCH = YES;
				CODE_SIGN_IDENTITY = "iPhone Developer";
				COPY_PHASE_STRIP = NO;
				DEBUG_INFORMATION_FORMAT = dwarf;
				ENABLE_STRICT_OBJC_MSGSEND = YES;
				ENABLE_TESTABILITY = YES;
				GCC_C_LANGUAGE_STANDARD = gnu11;
				GCC_DYNAMIC_NO_PIC = NO;
				GCC_NO_COMMON_BLOCKS = YES;
				GCC_OPTIMIZATION_LEVEL = 0;
				GCC_PREPROCESSOR_DEFINITIONS = (
					"DEBUG=1",
					"$(inherited)",
				);
				GCC_WARN_64_TO_32_BIT_CONVERSION = YES;
				GCC_WARN_ABOUT_RETURN_TYPE = YES_ERROR;
				GCC_WARN_UNDECLARED_SELECTOR = YES;
				GCC_WARN_UNINITIALIZED_AUTOS = YES_AGGRESSIVE;
				GCC_WARN_UNUSED_FUNCTION = YES;
				GCC_WARN_UNUSED_VARIABLE = YES;
				IPHONEOS_DEPLOYMENT_TARGET = 12.2;
				MTL_ENABLE_DEBUG_INFO = INCLUDE_SOURCE;
				MTL_FAST_MATH = YES;
				ONLY_ACTIVE_ARCH = YES;
				SDKROOT = iphoneos;
				SWIFT_ACTIVE_COMPILATION_CONDITIONS = DEBUG;
				SWIFT_OPTIMIZATION_LEVEL = "-Onone";
			};
			name = Debug;
		};
		A2A1B9E322A083E700AAA0E6 /* Release */ = {
			isa = XCBuildConfiguration;
			buildSettings = {
				ALWAYS_SEARCH_USER_PATHS = NO;
				CLANG_ANALYZER_NONNULL = YES;
				CLANG_ANALYZER_NUMBER_OBJECT_CONVERSION = YES_AGGRESSIVE;
				CLANG_CXX_LANGUAGE_STANDARD = "gnu++14";
				CLANG_CXX_LIBRARY = "libc++";
				CLANG_ENABLE_MODULES = YES;
				CLANG_ENABLE_OBJC_ARC = YES;
				CLANG_ENABLE_OBJC_WEAK = YES;
				CLANG_WARN_BLOCK_CAPTURE_AUTORELEASING = YES;
				CLANG_WARN_BOOL_CONVERSION = YES;
				CLANG_WARN_COMMA = YES;
				CLANG_WARN_CONSTANT_CONVERSION = YES;
				CLANG_WARN_DEPRECATED_OBJC_IMPLEMENTATIONS = YES;
				CLANG_WARN_DIRECT_OBJC_ISA_USAGE = YES_ERROR;
				CLANG_WARN_DOCUMENTATION_COMMENTS = YES;
				CLANG_WARN_EMPTY_BODY = YES;
				CLANG_WARN_ENUM_CONVERSION = YES;
				CLANG_WARN_INFINITE_RECURSION = YES;
				CLANG_WARN_INT_CONVERSION = YES;
				CLANG_WARN_NON_LITERAL_NULL_CONVERSION = YES;
				CLANG_WARN_OBJC_IMPLICIT_RETAIN_SELF = YES;
				CLANG_WARN_OBJC_LITERAL_CONVERSION = YES;
				CLANG_WARN_OBJC_ROOT_CLASS = YES_ERROR;
				CLANG_WARN_RANGE_LOOP_ANALYSIS = YES;
				CLANG_WARN_STRICT_PROTOTYPES = YES;
				CLANG_WARN_SUSPICIOUS_MOVE = YES;
				CLANG_WARN_UNGUARDED_AVAILABILITY = YES_AGGRESSIVE;
				CLANG_WARN_UNREACHABLE_CODE = YES;
				CLANG_WARN__DUPLICATE_METHOD_MATCH = YES;
				CODE_SIGN_IDENTITY = "iPhone Developer";
				COPY_PHASE_STRIP = NO;
				DEBUG_INFORMATION_FORMAT = "dwarf-with-dsym";
				ENABLE_NS_ASSERTIONS = NO;
				ENABLE_STRICT_OBJC_MSGSEND = YES;
				GCC_C_LANGUAGE_STANDARD = gnu11;
				GCC_NO_COMMON_BLOCKS = YES;
				GCC_WARN_64_TO_32_BIT_CONVERSION = YES;
				GCC_WARN_ABOUT_RETURN_TYPE = YES_ERROR;
				GCC_WARN_UNDECLARED_SELECTOR = YES;
				GCC_WARN_UNINITIALIZED_AUTOS = YES_AGGRESSIVE;
				GCC_WARN_UNUSED_FUNCTION = YES;
				GCC_WARN_UNUSED_VARIABLE = YES;
				IPHONEOS_DEPLOYMENT_TARGET = 12.2;
				MTL_ENABLE_DEBUG_INFO = NO;
				MTL_FAST_MATH = YES;
				SDKROOT = iphoneos;
				SWIFT_COMPILATION_MODE = wholemodule;
				SWIFT_OPTIMIZATION_LEVEL = "-O";
				VALIDATE_PRODUCT = YES;
			};
			name = Release;
		};
		A2A1B9E522A083E700AAA0E6 /* Debug */ = {
			isa = XCBuildConfiguration;
			baseConfigurationReference = 2F973AF1784CB186500E8FE7 /* Pods-ReviewItYourself.debug.xcconfig */;
			buildSettings = {
				ASSETCATALOG_COMPILER_APPICON_NAME = AppIcon;
				CODE_SIGN_ENTITLEMENTS = "How-To/How-To.entitlements";
				CODE_SIGN_IDENTITY = "iPhone Developer";
				CODE_SIGN_STYLE = Automatic;
				DEVELOPMENT_TEAM = VXUQXR6S56;
				INFOPLIST_FILE = "How-To/Info.plist";
				LD_RUNPATH_SEARCH_PATHS = (
					"$(inherited)",
					"@executable_path/Frameworks",
				);
				PRODUCT_BUNDLE_IDENTIFIER = com.lambda.ReviewItYourself;
				PRODUCT_NAME = "$(TARGET_NAME)";
				PROVISIONING_PROFILE_SPECIFIER = "";
				SWIFT_VERSION = 5.0;
				TARGETED_DEVICE_FAMILY = "1,2";
			};
			name = Debug;
		};
		A2A1B9E622A083E700AAA0E6 /* Release */ = {
			isa = XCBuildConfiguration;
			baseConfigurationReference = 8E465D4BCE7331CBFE05C1E5 /* Pods-ReviewItYourself.release.xcconfig */;
			buildSettings = {
				ASSETCATALOG_COMPILER_APPICON_NAME = AppIcon;
				CODE_SIGN_ENTITLEMENTS = "How-To/How-To.entitlements";
				CODE_SIGN_IDENTITY = "iPhone Developer";
				CODE_SIGN_STYLE = Automatic;
				DEVELOPMENT_TEAM = VXUQXR6S56;
				INFOPLIST_FILE = "How-To/Info.plist";
				LD_RUNPATH_SEARCH_PATHS = (
					"$(inherited)",
					"@executable_path/Frameworks",
				);
				PRODUCT_BUNDLE_IDENTIFIER = com.lambda.ReviewItYourself;
				PRODUCT_NAME = "$(TARGET_NAME)";
				PROVISIONING_PROFILE_SPECIFIER = "";
				SWIFT_VERSION = 5.0;
				TARGETED_DEVICE_FAMILY = "1,2";
			};
			name = Release;
		};
/* End XCBuildConfiguration section */

/* Begin XCConfigurationList section */
		A2A1B9CD22A083E500AAA0E6 /* Build configuration list for PBXProject "ReviewItYourself" */ = {
			isa = XCConfigurationList;
			buildConfigurations = (
				A2A1B9E222A083E700AAA0E6 /* Debug */,
				A2A1B9E322A083E700AAA0E6 /* Release */,
			);
			defaultConfigurationIsVisible = 0;
			defaultConfigurationName = Release;
		};
		A2A1B9E422A083E700AAA0E6 /* Build configuration list for PBXNativeTarget "ReviewItYourself" */ = {
			isa = XCConfigurationList;
			buildConfigurations = (
				A2A1B9E522A083E700AAA0E6 /* Debug */,
				A2A1B9E622A083E700AAA0E6 /* Release */,
			);
			defaultConfigurationIsVisible = 0;
			defaultConfigurationName = Release;
		};
/* End XCConfigurationList section */
	};
	rootObject = A2A1B9CA22A083E500AAA0E6 /* Project object */;
}
